
Microsoft Visual Studio Solution File, Format Version 12.00
# Visual Studio Version 17
VisualStudioVersion = 17.9.34511.98
MinimumVisualStudioVersion = 10.0.40219.1
Project("{9A19103F-16F7-4668-BE54-9A1E7A4F7556}") = "Updater", "Updater\Updater.csproj", "{8E11CE5E-B707-44A5-A58D-DD1C5EAE3C0F}"
EndProject
Global
	GlobalSection(SolutionConfigurationPlatforms) = preSolution
		Debug|ARM64 = Debug|ARM64
		Debug|x64 = Debug|x64
		Release|ARM64 = Release|ARM64
		Release|x64 = Release|x64
	EndGlobalSection
	GlobalSection(ProjectConfigurationPlatforms) = postSolution
		{8E11CE5E-B707-44A5-A58D-DD1C5EAE3C0F}.Debug|ARM64.ActiveCfg = Debug|ARM64
		{8E11CE5E-B707-44A5-A58D-DD1C5EAE3C0F}.Debug|ARM64.Build.0 = Debug|ARM64
		{8E11CE5E-B707-44A5-A58D-DD1C5EAE3C0F}.Debug|x64.ActiveCfg = Debug|x64
		{8E11CE5E-B707-44A5-A58D-DD1C5EAE3C0F}.Debug|x64.Build.0 = Debug|x64
		{8E11CE5E-B707-44A5-A58D-DD1C5EAE3C0F}.Release|ARM64.ActiveCfg = Release|ARM64
		{8E11CE5E-B707-44A5-A58D-DD1C5EAE3C0F}.Release|ARM64.Build.0 = Release|ARM64
		{8E11CE5E-B707-44A5-A58D-DD1C5EAE3C0F}.Release|x64.ActiveCfg = Release|x64
		{8E11CE5E-B707-44A5-A58D-DD1C5EAE3C0F}.Release|x64.Build.0 = Release|x64
	EndGlobalSection
	GlobalSection(SolutionProperties) = preSolution
		HideSolutionNode = FALSE
	EndGlobalSection
	GlobalSection(ExtensibilityGlobals) = postSolution
		SolutionGuid = {0537E064-5DBE-4F94-A1DE-ACD24F34F3C9}
	EndGlobalSection
EndGlobal
